DEPENDENCIES
  apt (~> 2.9.2)
  ark (~> 0.9.0)
  build-essential (~> 2.2.4)
  elasticsearch (~> 2.2.0)
  java (~> 1.36.0)
  monit (~> 1.0.0)
  ohai (~> 2.0.4)
  python (~> 1.4.6)
  rsyslog (~> 4.0.0)
  yum (~> 3.8.2)
  yum-epel (~> 0.6.5)

GRAPH
  7-zip (1.0.2)
    windows (>= 1.2.2)
  apt (2.9.2)
  ark (0.9.0)
    7-zip (>= 0.0.0)
    windows (>= 0.0.0)
  build-essential (2.2.4)
  chef-sugar (3.3.0)
  chef_handler (1.2.0)
  compat_resource (12.7.1)
  elasticsearch (2.2.0)
    apt (>= 0.0.0)
    ark (>= 0.0.0)
    chef-sugar (>= 0.0.0)
    yum (>= 0.0.0)
  java (1.36.0)
    apt (>= 0.0.0)
  monit (1.0.0)
    poise (~> 2.0)
    poise-monit (~> 1.0)
  ohai (2.0.4)
  poise (2.6.0)
  poise-languages (1.3.2)
    poise (~> 2.5)
  poise-monit (1.1.0)
    poise (~> 2.6)
    poise-languages (~> 1.3)
    poise-service (~> 1.1)
  poise-service (1.1.1)
    poise (~> 2.0)
  python (1.4.6)
    build-essential (>= 0.0.0)
    yum-epel (>= 0.0.0)
  rsyslog (4.0.0)
    compat_resource (>= 0.0.0)
  windows (1.39.1)
    chef_handler (>= 0.0.0)
  yum (3.8.2)
  yum-epel (0.6.5)
    yum (~> 3.2)
